
Microsoft Visual Studio Solution File, Format Version 12.00
# Visual Studio Version 17
VisualStudioVersion = 17.13.35825.156 d17.13
MinimumVisualStudioVersion = 10.0.40219.1
Project("{FAE04EC0-301F-11D3-BF4B-00C04F79EFBC}") = "Encapsulationtask", "Encapsulationtask\Encapsulationtask.csproj", "{608C0D46-5C0A-49A0-8929-08DE1160644C}"
EndProject
Global
	GlobalSection(SolutionConfigurationPlatforms) = preSolution
		Debug|Any CPU = Debug|Any CPU
		Release|Any CPU = Release|Any CPU
	EndGlobalSection
	GlobalSection(ProjectConfigurationPlatforms) = postSolution
		{608C0D46-5C0A-49A0-8929-08DE1160644C}.Debug|Any CPU.ActiveCfg = Debug|Any CPU
		{608C0D46-5C0A-49A0-8929-08DE1160644C}.Debug|Any CPU.Build.0 = Debug|Any CPU
		{608C0D46-5C0A-49A0-8929-08DE1160644C}.Release|Any CPU.ActiveCfg = Release|Any CPU
		{608C0D46-5C0A-49A0-8929-08DE1160644C}.Release|Any CPU.Build.0 = Release|Any CPU
	EndGlobalSection
	GlobalSection(SolutionProperties) = preSolution
		HideSolutionNode = FALSE
	EndGlobalSection
	GlobalSection(ExtensibilityGlobals) = postSolution
		SolutionGuid = {F379E27E-81B5-4309-89E2-61494DB38778}
	EndGlobalSection
EndGlobal
